<?xml version="1.0" encoding="UTF-8"?>
<Scheme
   LastUpgradeVersion = "1110"
   version = "1.3">
   <BuildAction
      parallelizeBuildables = "YES"
      buildImplicitDependencies = "YES">
      <BuildActionEntries>
         <BuildActionEntry
            buildForTesting = "YES"
            buildForRunning = "YES"
            buildForProfiling = "YES"
            buildForArchiving = "YES"
            buildForAnalyzing = "YES">
            <BuildableReference
               BuildableIdentifier = "primary"
               BlueprintIdentifier = "F47A109B205AC5F10026F3C3"
               BuildableName = "csvtovcd"
               BlueprintName = "csvtovcd"
               ReferencedContainer = "container:csvtovcd.xcodeproj">
            </BuildableReference>
         </BuildActionEntry>
      </BuildActionEntries>
   </BuildAction>
   <TestAction
      buildConfiguration = "Debug"
      selectedDebuggerIdentifier = "Xcode.DebuggerFoundation.Debugger.LLDB"
      selectedLauncherIdentifier = "Xcode.DebuggerFoundation.Launcher.LLDB"
      shouldUseLaunchSchemeArgsEnv = "YES">
      <Testables>
      </Testables>
   </TestAction>
   <LaunchAction
      buildConfiguration = "Debug"
      selectedDebuggerIdentifier = "Xcode.DebuggerFoundation.Debugger.LLDB"
      selectedLauncherIdentifier = "Xcode.DebuggerFoundation.Launcher.LLDB"
      launchStyle = "0"
      useCustomWorkingDirectory = "NO"
      ignoresPersistentStateOnLaunch = "NO"
      debugDocumentVersioning = "YES"
      debugServiceExtension = "internal"
      allowLocationSimulation = "YES">
      <BuildableProductRunnable
         runnableDebuggingMode = "0">
         <BuildableReference
            BuildableIdentifier = "primary"
            BlueprintIdentifier = "F47A109B205AC5F10026F3C3"
            BuildableName = "csvtovcd"
            BlueprintName = "csvtovcd"
            ReferencedContainer = "container:csvtovcd.xcodeproj">
         </BuildableReference>
      </BuildableProductRunnable>
      <CommandLineArguments>
         <CommandLineArgument
            argument = "-i /Volumes/Data/atari/v3/xel-2ns-1M-steady.csv"
            isEnabled = "YES">
         </CommandLineArgument>
         <CommandLineArgument
            argument = "-v addr:16,data:8,clk:1,/s4:1,/s5:1,r/w:1,/rst:1,/ref:1,rd5:1,rd4:1,/mpd:1,/cctl:1,/D1xx:1,/extsel:1,/halt:1,/irq:1"
            isEnabled = "YES">
         </CommandLineArgument>
         <CommandLineArgument
            argument = "-o /tmp/xel.v"
            isEnabled = "YES">
         </CommandLineArgument>
         <CommandLineArgument
            argument = "-m dut"
            isEnabled = "YES">
         </CommandLineArgument>
         <CommandLineArgument
            argument = "-mc clk"
            isEnabled = "YES">
         </CommandLineArgument>
      </CommandLineArguments>
   </LaunchAction>
   <ProfileAction
      buildConfiguration = "Release"
      shouldUseLaunchSchemeArgsEnv = "YES"
      savedToolIdentifier = ""
      useCustomWorkingDirectory = "NO"
      debugDocumentVersioning = "YES">
      <BuildableProductRunnable
         runnableDebuggingMode = "0">
         <BuildableReference
            BuildableIdentifier = "primary"
            BlueprintIdentifier = "F47A109B205AC5F10026F3C3"
            BuildableName = "csvtovcd"
            BlueprintName = "csvtovcd"
            ReferencedContainer = "container:csvtovcd.xcodeproj">
         </BuildableReference>
      </BuildableProductRunnable>
   </ProfileAction>
   <AnalyzeAction
      buildConfiguration = "Debug">
   </AnalyzeAction>
   <ArchiveAction
      buildConfiguration = "Release"
      revealArchiveInOrganizer = "YES">
   </ArchiveAction>
</Scheme>
